
Microsoft Visual Studio Solution File, Format Version 12.00
# Visual Studio Version 16
VisualStudioVersion = 16.0.29609.76
MinimumVisualStudioVersion = 10.0.40219.1
Project("{9A19103F-16F7-4668-BE54-9A1E7A4F7556}") = "PeriodicTable", "PeriodicTable\PeriodicTable.csproj", "{349F24D8-294B-4E15-A20A-DC11CC08987C}"
EndProject
Global
	GlobalSection(SolutionConfigurationPlatforms) = preSolution
		Debug|Any CPU = Debug|Any CPU
		Release|Any CPU = Release|Any CPU
	EndGlobalSection
	GlobalSection(ProjectConfigurationPlatforms) = postSolution
		{349F24D8-294B-4E15-A20A-DC11CC08987C}.Debug|Any CPU.ActiveCfg = Debug|Any CPU
		{349F24D8-294B-4E15-A20A-DC11CC08987C}.Debug|Any CPU.Build.0 = Debug|Any CPU
		{349F24D8-294B-4E15-A20A-DC11CC08987C}.Release|Any CPU.ActiveCfg = Release|Any CPU
		{349F24D8-294B-4E15-A20A-DC11CC08987C}.Release|Any CPU.Build.0 = Release|Any CPU
	EndGlobalSection
	GlobalSection(SolutionProperties) = preSolution
		HideSolutionNode = FALSE
	EndGlobalSection
	GlobalSection(ExtensibilityGlobals) = postSolution
		SolutionGuid = {81F2D188-613D-4FA6-884A-D62D2A31DD4C}
	EndGlobalSection
EndGlobal
